// !$*UTF8*$!
{
	archiveVersion = 1;
	classes = {
	};
	objectVersion = 56;
	objects = {

/* Begin PBXBuildFile section */
		61438B7CF6FFF4A1A4DDFC2E /* Pods_CashTest.framework in Frameworks */ = {isa = PBXBuildFile; fileRef = DBD1E02C012F05735057BFF5 /* Pods_CashTest.framework */; };
		92A086982BCF906900CEF35F /* UITextField+.swift in Sources */ = {isa = PBXBuildFile; fileRef = 92A086972BCF906900CEF35F /* UITextField+.swift */; };
		92A0869A2BCF910700CEF35F /* UIImage+.swift in Sources */ = {isa = PBXBuildFile; fileRef = 92A086992BCF910700CEF35F /* UIImage+.swift */; };
		92F8FF9F2BCE28600043B56E /* AppDelegate.swift in Sources */ = {isa = PBXBuildFile; fileRef = 92F8FF9E2BCE28600043B56E /* AppDelegate.swift */; };
		92F8FFA12BCE28600043B56E /* SceneDelegate.swift in Sources */ = {isa = PBXBuildFile; fileRef = 92F8FFA02BCE28600043B56E /* SceneDelegate.swift */; };
		92F8FFA32BCE28600043B56E /* ViewController.swift in Sources */ = {isa = PBXBuildFile; fileRef = 92F8FFA22BCE28600043B56E /* ViewController.swift */; };
		92F8FFA62BCE28600043B56E /* Base in Resources */ = {isa = PBXBuildFile; fileRef = 92F8FFA52BCE28600043B56E /* Base */; };
		92F8FFA82BCE28620043B56E /* Assets.xcassets in Resources */ = {isa = PBXBuildFile; fileRef = 92F8FFA72BCE28610043B56E /* Assets.xcassets */; };
		92F8FFAB2BCE28620043B56E /* Base in Resources */ = {isa = PBXBuildFile; fileRef = 92F8FFAA2BCE28620043B56E /* Base */; };
		92F8FFB62BCE28620043B56E /* CashTestTests.swift in Sources */ = {isa = PBXBuildFile; fileRef = 92F8FFB52BCE28620043B56E /* CashTestTests.swift */; };
		92F8FFC02BCE28620043B56E /* CashTestUITests.swift in Sources */ = {isa = PBXBuildFile; fileRef = 92F8FFBF2BCE28620043B56E /* CashTestUITests.swift */; };
		92F8FFC22BCE28620043B56E /* CashTestUITestsLaunchTests.swift in Sources */ = {isa = PBXBuildFile; fileRef = 92F8FFC12BCE28620043B56E /* CashTestUITestsLaunchTests.swift */; };
		97916ED8FA5BFB3042EE13BF /* Pods_CashTest_CashTestUITests.framework in Frameworks */ = {isa = PBXBuildFile; fileRef = DDFA9894EA14B31867AF3DF9 /* Pods_CashTest_CashTestUITests.framework */; };
		AC9A3C06FED481C379254C0B /* Pods_CashTestTests.framework in Frameworks */ = {isa = PBXBuildFile; fileRef = 6DBF9822EE6F635E28E6E4A8 /* Pods_CashTestTests.framework */; };
/* End PBXBuildFile section */

/* Begin PBXContainerItemProxy section */
		92F8FFB22BCE28620043B56E /* PBXContainerItemProxy */ = {
			isa = PBXContainerItemProxy;
			containerPortal = 92F8FF932BCE28600043B56E /* Project object */;
			proxyType = 1;
			remoteGlobalIDString = 92F8FF9A2BCE28600043B56E;
			remoteInfo = CashTest;
		};
		92F8FFBC2BCE28620043B56E /* PBXContainerItemProxy */ = {
			isa = PBXContainerItemProxy;
			containerPortal = 92F8FF932BCE28600043B56E /* Project object */;
			proxyType = 1;
			remoteGlobalIDString = 92F8FF9A2BCE28600043B56E;
			remoteInfo = CashTest;
		};
/* End PBXContainerItemProxy section */

/* Begin PBXFileReference section */
		00BD0A1F8D50377C9A2F12C2 /* Pods-CashTest.debug.xcconfig */ = {isa = PBXFileReference; includeInIndex = 1; lastKnownFileType = text.xcconfig; name = "Pods-CashTest.debug.xcconfig"; path = "Target Support Files/Pods-CashTest/Pods-CashTest.debug.xcconfig"; sourceTree = "<group>"; };
		365FE342266846B4A60EFBD1 /* Pods-CashTestTests.release.xcconfig */ = {isa = PBXFileReference; includeInIndex = 1; lastKnownFileType = text.xcconfig; name = "Pods-CashTestTests.release.xcconfig"; path = "Target Support Files/Pods-CashTestTests/Pods-CashTestTests.release.xcconfig"; sourceTree = "<group>"; };
		6DBF9822EE6F635E28E6E4A8 /* Pods_CashTestTests.framework */ = {isa = PBXFileReference; explicitFileType = wrapper.framework; includeInIndex = 0; path = Pods_CashTestTests.framework; sourceTree = BUILT_PRODUCTS_DIR; };
		92A086972BCF906900CEF35F /* UITextField+.swift */ = {isa = PBXFileReference; lastKnownFileType = sourcecode.swift; path = "UITextField+.swift"; sourceTree = "<group>"; };
		92A086992BCF910700CEF35F /* UIImage+.swift */ = {isa = PBXFileReference; lastKnownFileType = sourcecode.swift; path = "UIImage+.swift"; sourceTree = "<group>"; };
		92F8FF9B2BCE28600043B56E /* CashTest.app */ = {isa = PBXFileReference; explicitFileType = wrapper.application; includeInIndex = 0; path = CashTest.app; sourceTree = BUILT_PRODUCTS_DIR; };
		92F8FF9E2BCE28600043B56E /* AppDelegate.swift */ = {isa = PBXFileReference; lastKnownFileType = sourcecode.swift; path = AppDelegate.swift; sourceTree = "<group>"; };
		92F8FFA02BCE28600043B56E /* SceneDelegate.swift */ = {isa = PBXFileReference; lastKnownFileType = sourcecode.swift; path = SceneDelegate.swift; sourceTree = "<group>"; };
		92F8FFA22BCE28600043B56E /* ViewController.swift */ = {isa = PBXFileReference; lastKnownFileType = sourcecode.swift; path = ViewController.swift; sourceTree = "<group>"; };
		92F8FFA52BCE28600043B56E /* Base */ = {isa = PBXFileReference; lastKnownFileType = file.storyboard; name = Base; path = Base.lproj/Main.storyboard; sourceTree = "<group>"; };
		92F8FFA72BCE28610043B56E /* Assets.xcassets */ = {isa = PBXFileReference; lastKnownFileType = folder.assetcatalog; path = Assets.xcassets; sourceTree = "<group>"; };
		92F8FFAA2BCE28620043B56E /* Base */ = {isa = PBXFileReference; lastKnownFileType = file.storyboard; name = Base; path = Base.lproj/LaunchScreen.storyboard; sourceTree = "<group>"; };
		92F8FFAC2BCE28620043B56E /* Info.plist */ = {isa = PBXFileReference; lastKnownFileType = text.plist.xml; path = Info.plist; sourceTree = "<group>"; };
		92F8FFB12BCE28620043B56E /* CashTestTests.xctest */ = {isa = PBXFileReference; explicitFileType = wrapper.cfbundle; includeInIndex = 0; path = CashTestTests.xctest; sourceTree = BUILT_PRODUCTS_DIR; };
		92F8FFB52BCE28620043B56E /* CashTestTests.swift */ = {isa = PBXFileReference; lastKnownFileType = sourcecode.swift; path = CashTestTests.swift; sourceTree = "<group>"; };
		92F8FFBB2BCE28620043B56E /* CashTestUITests.xctest */ = {isa = PBXFileReference; explicitFileType = wrapper.cfbundle; includeInIndex = 0; path = CashTestUITests.xctest; sourceTree = BUILT_PRODUCTS_DIR; };
		92F8FFBF2BCE28620043B56E /* CashTestUITests.swift */ = {isa = PBXFileReference; lastKnownFileType = sourcecode.swift; path = CashTestUITests.swift; sourceTree = "<group>"; };
		92F8FFC12BCE28620043B56E /* CashTestUITestsLaunchTests.swift */ = {isa = PBXFileReference; lastKnownFileType = sourcecode.swift; path = CashTestUITestsLaunchTests.swift; sourceTree = "<group>"; };
		9C07A7DE665DF4C92536B13C /* Pods-CashTest-CashTestUITests.debug.xcconfig */ = {isa = PBXFileReference; includeInIndex = 1; lastKnownFileType = text.xcconfig; name = "Pods-CashTest-CashTestUITests.debug.xcconfig"; path = "Target Support Files/Pods-CashTest-CashTestUITests/Pods-CashTest-CashTestUITests.debug.xcconfig"; sourceTree = "<group>"; };
		A39192524E8BA2707EE3BCF2 /* Pods-CashTest.release.xcconfig */ = {isa = PBXFileReference; includeInIndex = 1; lastKnownFileType = text.xcconfig; name = "Pods-CashTest.release.xcconfig"; path = "Target Support Files/Pods-CashTest/Pods-CashTest.release.xcconfig"; sourceTree = "<group>"; };
		A8E400D4CCBC6283F11EBD04 /* Pods-CashTestTests.debug.xcconfig */ = {isa = PBXFileReference; includeInIndex = 1; lastKnownFileType = text.xcconfig; name = "Pods-CashTestTests.debug.xcconfig"; path = "Target Support Files/Pods-CashTestTests/Pods-CashTestTests.debug.xcconfig"; sourceTree = "<group>"; };
		DAE4134D91CB11B91C0CFD58 /* Pods-CashTest-CashTestUITests.release.xcconfig */ = {isa = PBXFileReference; includeInIndex = 1; lastKnownFileType = text.xcconfig; name = "Pods-CashTest-CashTestUITests.release.xcconfig"; path = "Target Support Files/Pods-CashTest-CashTestUITests/Pods-CashTest-CashTestUITests.release.xcconfig"; sourceTree = "<group>"; };
		DBD1E02C012F05735057BFF5 /* Pods_CashTest.framework */ = {isa = PBXFileReference; explicitFileType = wrapper.framework; includeInIndex = 0; path = Pods_CashTest.framework; sourceTree = BUILT_PRODUCTS_DIR; };
		DDFA9894EA14B31867AF3DF9 /* Pods_CashTest_CashTestUITests.framework */ = {isa = PBXFileReference; explicitFileType = wrapper.framework; includeInIndex = 0; path = Pods_CashTest_CashTestUITests.framework; sourceTree = BUILT_PRODUCTS_DIR; };
/* End PBXFileReference section */

/* Begin PBXFrameworksBuildPhase section */
		92F8FF982BCE28600043B56E /* Frameworks */ = {
			isa = PBXFrameworksBuildPhase;
			buildActionMask = 2147483647;
			files = (
				61438B7CF6FFF4A1A4DDFC2E /* Pods_CashTest.framework in Frameworks */,
			);
			runOnlyForDeploymentPostprocessing = 0;
		};
		92F8FFAE2BCE28620043B56E /* Frameworks */ = {
			isa = PBXFrameworksBuildPhase;
			buildActionMask = 2147483647;
			files = (
				AC9A3C06FED481C379254C0B /* Pods_CashTestTests.framework in Frameworks */,
			);
			runOnlyForDeploymentPostprocessing = 0;
		};
		92F8FFB82BCE28620043B56E /* Frameworks */ = {
			isa = PBXFrameworksBuildPhase;
			buildActionMask = 2147483647;
			files = (
				97916ED8FA5BFB3042EE13BF /* Pods_CashTest_CashTestUITests.framework in Frameworks */,
			);
			runOnlyForDeploymentPostprocessing = 0;
		};
/* End PBXFrameworksBuildPhase section */

/* Begin PBXGroup section */
		562A423BF7D70FC5AAD83E9D /* Pods */ = {
			isa = PBXGroup;
			children = (
				00BD0A1F8D50377C9A2F12C2 /* Pods-CashTest.debug.xcconfig */,
				A39192524E8BA2707EE3BCF2 /* Pods-CashTest.release.xcconfig */,
				9C07A7DE665DF4C92536B13C /* Pods-CashTest-CashTestUITests.debug.xcconfig */,
				DAE4134D91CB11B91C0CFD58 /* Pods-CashTest-CashTestUITests.release.xcconfig */,
				A8E400D4CCBC6283F11EBD04 /* Pods-CashTestTests.debug.xcconfig */,
				365FE342266846B4A60EFBD1 /* Pods-CashTestTests.release.xcconfig */,
			);
			path = Pods;
			sourceTree = "<group>";
		};
		90698C1E6C6BEAE3B873BFCA /* Frameworks */ = {
			isa = PBXGroup;
			children = (
				DBD1E02C012F05735057BFF5 /* Pods_CashTest.framework */,
				DDFA9894EA14B31867AF3DF9 /* Pods_CashTest_CashTestUITests.framework */,
				6DBF9822EE6F635E28E6E4A8 /* Pods_CashTestTests.framework */,
			);
			name = Frameworks;
			sourceTree = "<group>";
		};
		92A086962BCF905600CEF35F /* Extension */ = {
			isa = PBXGroup;
			children = (
				92A086972BCF906900CEF35F /* UITextField+.swift */,
				92A086992BCF910700CEF35F /* UIImage+.swift */,
			);
			path = Extension;
			sourceTree = "<group>";
		};
		92F8FF922BCE28600043B56E = {
			isa = PBXGroup;
			children = (
				92F8FF9D2BCE28600043B56E /* CashTest */,
				92F8FFB42BCE28620043B56E /* CashTestTests */,
				92F8FFBE2BCE28620043B56E /* CashTestUITests */,
				92F8FF9C2BCE28600043B56E /* Products */,
				562A423BF7D70FC5AAD83E9D /* Pods */,
				90698C1E6C6BEAE3B873BFCA /* Frameworks */,
			);
			sourceTree = "<group>";
		};
		92F8FF9C2BCE28600043B56E /* Products */ = {
			isa = PBXGroup;
			children = (
				92F8FF9B2BCE28600043B56E /* CashTest.app */,
				92F8FFB12BCE28620043B56E /* CashTestTests.xctest */,
				92F8FFBB2BCE28620043B56E /* CashTestUITests.xctest */,
			);
			name = Products;
			sourceTree = "<group>";
		};
		92F8FF9D2BCE28600043B56E /* CashTest */ = {
			isa = PBXGroup;
			children = (
				92A086962BCF905600CEF35F /* Extension */,
				92F8FF9E2BCE28600043B56E /* AppDelegate.swift */,
				92F8FFA02BCE28600043B56E /* SceneDelegate.swift */,
				92F8FFA22BCE28600043B56E /* ViewController.swift */,
				92F8FFA42BCE28600043B56E /* Main.storyboard */,
				92F8FFA72BCE28610043B56E /* Assets.xcassets */,
				92F8FFA92BCE28620043B56E /* LaunchScreen.storyboard */,
				92F8FFAC2BCE28620043B56E /* Info.plist */,
			);
			path = CashTest;
			sourceTree = "<group>";
		};
		92F8FFB42BCE28620043B56E /* CashTestTests */ = {
			isa = PBXGroup;
			children = (
				92F8FFB52BCE28620043B56E /* CashTestTests.swift */,
			);
			path = CashTestTests;
			sourceTree = "<group>";
		};
		92F8FFBE2BCE28620043B56E /* CashTestUITests */ = {
			isa = PBXGroup;
			children = (
				92F8FFBF2BCE28620043B56E /* CashTestUITests.swift */,
				92F8FFC12BCE28620043B56E /* CashTestUITestsLaunchTests.swift */,
			);
			path = CashTestUITests;
			sourceTree = "<group>";
		};
/* End PBXGroup section */

/* Begin PBXNativeTarget section */
		92F8FF9A2BCE28600043B56E /* CashTest */ = {
			isa = PBXNativeTarget;
			buildConfigurationList = 92F8FFC52BCE28620043B56E /* Build configuration list for PBXNativeTarget "CashTest" */;
			buildPhases = (
				AE658DB07F6B9615ABB10724 /* [CP] Check Pods Manifest.lock */,
				92F8FF972BCE28600043B56E /* Sources */,
				92F8FF982BCE28600043B56E /* Frameworks */,
				92F8FF992BCE28600043B56E /* Resources */,
				F32AF0B6A6FD3A6E453A8226 /* [CP] Embed Pods Frameworks */,
			);
			buildRules = (
			);
			dependencies = (
			);
			name = CashTest;
			productName = CashTest;
			productReference = 92F8FF9B2BCE28600043B56E /* CashTest.app */;
			productType = "com.apple.product-type.application";
		};
		92F8FFB02BCE28620043B56E /* CashTestTests */ = {
			isa = PBXNativeTarget;
			buildConfigurationList = 92F8FFC82BCE28620043B56E /* Build configuration list for PBXNativeTarget "CashTestTests" */;
			buildPhases = (
				523F1BBF163ADDB4130B0B2A /* [CP] Check Pods Manifest.lock */,
				92F8FFAD2BCE28620043B56E /* Sources */,
				92F8FFAE2BCE28620043B56E /* Frameworks */,
				92F8FFAF2BCE28620043B56E /* Resources */,
			);
			buildRules = (
			);
			dependencies = (
				92F8FFB32BCE28620043B56E /* PBXTargetDependency */,
			);
			name = CashTestTests;
			productName = CashTestTests;
			productReference = 92F8FFB12BCE28620043B56E /* CashTestTests.xctest */;
			productType = "com.apple.product-type.bundle.unit-test";
		};
		92F8FFBA2BCE28620043B56E /* CashTestUITests */ = {
			isa = PBXNativeTarget;
			buildConfigurationList = 92F8FFCB2BCE28620043B56E /* Build configuration list for PBXNativeTarget "CashTestUITests" */;
			buildPhases = (
				3319B49ED9DAFC92D7096FB1 /* [CP] Check Pods Manifest.lock */,
				92F8FFB72BCE28620043B56E /* Sources */,
				92F8FFB82BCE28620043B56E /* Frameworks */,
				92F8FFB92BCE28620043B56E /* Resources */,
				C9169B85565E109DCE3F31FC /* [CP] Embed Pods Frameworks */,
			);
			buildRules = (
			);
			dependencies = (
				92F8FFBD2BCE28620043B56E /* PBXTargetDependency */,
			);
			name = CashTestUITests;
			productName = CashTestUITests;
			productReference = 92F8FFBB2BCE28620043B56E /* CashTestUITests.xctest */;
			productType = "com.apple.product-type.bundle.ui-testing";
		};
/* End PBXNativeTarget section */

/* Begin PBXProject section */
		92F8FF932BCE28600043B56E /* Project object */ = {
			isa = PBXProject;
			attributes = {
				BuildIndependentTargetsInParallel = 1;
				LastSwiftUpdateCheck = 1530;
				LastUpgradeCheck = 1530;
				TargetAttributes = {
					92F8FF9A2BCE28600043B56E = {
						CreatedOnToolsVersion = 15.3;
					};
					92F8FFB02BCE28620043B56E = {
						CreatedOnToolsVersion = 15.3;
						TestTargetID = 92F8FF9A2BCE28600043B56E;
					};
					92F8FFBA2BCE28620043B56E = {
						CreatedOnToolsVersion = 15.3;
						TestTargetID = 92F8FF9A2BCE28600043B56E;
					};
				};
			};
			buildConfigurationList = 92F8FF962BCE28600043B56E /* Build configuration list for PBXProject "CashTest" */;
			compatibilityVersion = "Xcode 14.0";
			developmentRegion = en;
			hasScannedForEncodings = 0;
			knownRegions = (
				en,
				Base,
			);
			mainGroup = 92F8FF922BCE28600043B56E;
			productRefGroup = 92F8FF9C2BCE28600043B56E /* Products */;
			projectDirPath = "";
			projectRoot = "";
			targets = (
				92F8FF9A2BCE28600043B56E /* CashTest */,
				92F8FFB02BCE28620043B56E /* CashTestTests */,
				92F8FFBA2BCE28620043B56E /* CashTestUITests */,
			);
		};
/* End PBXProject section */

/* Begin PBXResourcesBuildPhase section */
		92F8FF992BCE28600043B56E /* Resources */ = {
			isa = PBXResourcesBuildPhase;
			buildActionMask = 2147483647;
			files = (
				92F8FFA82BCE28620043B56E /* Assets.xcassets in Resources */,
				92F8FFAB2BCE28620043B56E /* Base in Resources */,
				92F8FFA62BCE28600043B56E /* Base in Resources */,
			);
			runOnlyForDeploymentPostprocessing = 0;
		};
		92F8FFAF2BCE28620043B56E /* Resources */ = {
			isa = PBXResourcesBuildPhase;
			buildActionMask = 2147483647;
			files = (
			);
			runOnlyForDeploymentPostprocessing = 0;
		};
		92F8FFB92BCE28620043B56E /* Resources */ = {
			isa = PBXResourcesBuildPhase;
			buildActionMask = 2147483647;
			files = (
			);
			runOnlyForDeploymentPostprocessing = 0;
		};
/* End PBXResourcesBuildPhase section */

/* Begin PBXShellScriptBuildPhase section */
		3319B49ED9DAFC92D7096FB1 /* [CP] Check Pods Manifest.lock */ = {
			isa = PBXShellScriptBuildPhase;
			buildActionMask = 2147483647;
			files = (
			);
			inputFileListPaths = (
			);
			inputPaths = (
				"${PODS_PODFILE_DIR_PATH}/Podfile.lock",
				"${PODS_ROOT}/Manifest.lock",
			);
			name = "[CP] Check Pods Manifest.lock";
			outputFileListPaths = (
			);
			outputPaths = (
				"$(DERIVED_FILE_DIR)/Pods-CashTest-CashTestUITests-checkManifestLockResult.txt",
			);
			runOnlyForDeploymentPostprocessing = 0;
			shellPath = /bin/sh;
			shellScript = "diff \"${PODS_PODFILE_DIR_PATH}/Podfile.lock\" \"${PODS_ROOT}/Manifest.lock\" > /dev/null\nif [ $? != 0 ] ; then\n    # print error to STDERR\n    echo \"error: The sandbox is not in sync with the Podfile.lock. Run 'pod install' or update your CocoaPods installation.\" >&2\n    exit 1\nfi\n# This output is used by Xcode 'outputs' to avoid re-running this script phase.\necho \"SUCCESS\" > \"${SCRIPT_OUTPUT_FILE_0}\"\n";
			showEnvVarsInLog = 0;
		};
		523F1BBF163ADDB4130B0B2A /* [CP] Check Pods Manifest.lock */ = {
			isa = PBXShellScriptBuildPhase;
			buildActionMask = 2147483647;
			files = (
			);
			inputFileListPaths = (
			);
			inputPaths = (
				"${PODS_PODFILE_DIR_PATH}/Podfile.lock",
				"${PODS_ROOT}/Manifest.lock",
			);
			name = "[CP] Check Pods Manifest.lock";
			outputFileListPaths = (
			);
			outputPaths = (
				"$(DERIVED_FILE_DIR)/Pods-CashTestTests-checkManifestLockResult.txt",
			);
			runOnlyForDeploymentPostprocessing = 0;
			shellPath = /bin/sh;
			shellScript = "diff \"${PODS_PODFILE_DIR_PATH}/Podfile.lock\" \"${PODS_ROOT}/Manifest.lock\" > /dev/null\nif [ $? != 0 ] ; then\n    # print error to STDERR\n    echo \"error: The sandbox is not in sync with the Podfile.lock. Run 'pod install' or update your CocoaPods installation.\" >&2\n    exit 1\nfi\n# This output is used by Xcode 'outputs' to avoid re-running this script phase.\necho \"SUCCESS\" > \"${SCRIPT_OUTPUT_FILE_0}\"\n";
			showEnvVarsInLog = 0;
		};
		AE658DB07F6B9615ABB10724 /* [CP] Check Pods Manifest.lock */ = {
			isa = PBXShellScriptBuildPhase;
			buildActionMask = 2147483647;
			files = (
			);
			inputFileListPaths = (
			);
			inputPaths = (
				"${PODS_PODFILE_DIR_PATH}/Podfile.lock",
				"${PODS_ROOT}/Manifest.lock",
			);
			name = "[CP] Check Pods Manifest.lock";
			outputFileListPaths = (
			);
			outputPaths = (
				"$(DERIVED_FILE_DIR)/Pods-CashTest-checkManifestLockResult.txt",
			);
			runOnlyForDeploymentPostprocessing = 0;
			shellPath = /bin/sh;
			shellScript = "diff \"${PODS_PODFILE_DIR_PATH}/Podfile.lock\" \"${PODS_ROOT}/Manifest.lock\" > /dev/null\nif [ $? != 0 ] ; then\n    # print error to STDERR\n    echo \"error: The sandbox is not in sync with the Podfile.lock. Run 'pod install' or update your CocoaPods installation.\" >&2\n    exit 1\nfi\n# This output is used by Xcode 'outputs' to avoid re-running this script phase.\necho \"SUCCESS\" > \"${SCRIPT_OUTPUT_FILE_0}\"\n";
			showEnvVarsInLog = 0;
		};
		C9169B85565E109DCE3F31FC /* [CP] Embed Pods Frameworks */ = {
			isa = PBXShellScriptBuildPhase;
			buildActionMask = 2147483647;
			files = (
			);
			inputFileListPaths = (
				"${PODS_ROOT}/Target Support Files/Pods-CashTest-CashTestUITests/Pods-CashTest-CashTestUITests-frameworks-${CONFIGURATION}-input-files.xcfilelist",
			);
			name = "[CP] Embed Pods Frameworks";
			outputFileListPaths = (
				"${PODS_ROOT}/Target Support Files/Pods-CashTest-CashTestUITests/Pods-CashTest-CashTestUITests-frameworks-${CONFIGURATION}-output-files.xcfilelist",
			);
			runOnlyForDeploymentPostprocessing = 0;
			shellPath = /bin/sh;
			shellScript = "\"${PODS_ROOT}/Target Support Files/Pods-CashTest-CashTestUITests/Pods-CashTest-CashTestUITests-frameworks.sh\"\n";
			showEnvVarsInLog = 0;
		};
		F32AF0B6A6FD3A6E453A8226 /* [CP] Embed Pods Frameworks */ = {
			isa = PBXShellScriptBuildPhase;
			buildActionMask = 2147483647;
			files = (
			);
			inputFileListPaths = (
				"${PODS_ROOT}/Target Support Files/Pods-CashTest/Pods-CashTest-frameworks-${CONFIGURATION}-input-files.xcfilelist",
			);
			name = "[CP] Embed Pods Frameworks";
			outputFileListPaths = (
				"${PODS_ROOT}/Target Support Files/Pods-CashTest/Pods-CashTest-frameworks-${CONFIGURATION}-output-files.xcfilelist",
			);
			runOnlyForDeploymentPostprocessing = 0;
			shellPath = /bin/sh;
			shellScript = "\"${PODS_ROOT}/Target Support Files/Pods-CashTest/Pods-CashTest-frameworks.sh\"\n";
			showEnvVarsInLog = 0;
		};
/* End PBXShellScriptBuildPhase section */

/* Begin PBXSourcesBuildPhase section */
		92F8FF972BCE28600043B56E /* Sources */ = {
			isa = PBXSourcesBuildPhase;
			buildActionMask = 2147483647;
			files = (
				92F8FFA32BCE28600043B56E /* ViewController.swift in Sources */,
				92F8FF9F2BCE28600043B56E /* AppDelegate.swift in Sources */,
				92A0869A2BCF910700CEF35F /* UIImage+.swift in Sources */,
				92F8FFA12BCE28600043B56E /* SceneDelegate.swift in Sources */,
				92A086982BCF906900CEF35F /* UITextField+.swift in Sources */,
			);
			runOnlyForDeploymentPostprocessing = 0;
		};
		92F8FFAD2BCE28620043B56E /* Sources */ = {
			isa = PBXSourcesBuildPhase;
			buildActionMask = 2147483647;
			files = (
				92F8FFB62BCE28620043B56E /* CashTestTests.swift in Sources */,
			);
			runOnlyForDeploymentPostprocessing = 0;
		};
		92F8FFB72BCE28620043B56E /* Sources */ = {
			isa = PBXSourcesBuildPhase;
			buildActionMask = 2147483647;
			files = (
				92F8FFC22BCE28620043B56E /* CashTestUITestsLaunchTests.swift in Sources */,
				92F8FFC02BCE28620043B56E /* CashTestUITests.swift in Sources */,
			);
			runOnlyForDeploymentPostprocessing = 0;
		};
/* End PBXSourcesBuildPhase section */

/* Begin PBXTargetDependency section */
		92F8FFB32BCE28620043B56E /* PBXTargetDependency */ = {
			isa = PBXTargetDependency;
			target = 92F8FF9A2BCE28600043B56E /* CashTest */;
			targetProxy = 92F8FFB22BCE28620043B56E /* PBXContainerItemProxy */;
		};
		92F8FFBD2BCE28620043B56E /* PBXTargetDependency */ = {
			isa = PBXTargetDependency;
			target = 92F8FF9A2BCE28600043B56E /* CashTest */;
			targetProxy = 92F8FFBC2BCE28620043B56E /* PBXContainerItemProxy */;
		};
/* End PBXTargetDependency section */

/* Begin PBXVariantGroup section */
		92F8FFA42BCE28600043B56E /* Main.storyboard */ = {
			isa = PBXVariantGroup;
			children = (
				92F8FFA52BCE28600043B56E /* Base */,
			);
			name = Main.storyboard;
			sourceTree = "<group>";
		};
		92F8FFA92BCE28620043B56E /* LaunchScreen.storyboard */ = {
			isa = PBXVariantGroup;
			children = (
				92F8FFAA2BCE28620043B56E /* Base */,
			);
			name = LaunchScreen.storyboard;
			sourceTree = "<group>";
		};
/* End PBXVariantGroup section */

/* Begin XCBuildConfiguration section */
		92F8FFC32BCE28620043B56E /* Debug */ = {
			isa = XCBuildConfiguration;
			buildSettings = {
				ALWAYS_SEARCH_USER_PATHS = NO;
				ASSETCATALOG_COMPILER_GENERATE_SWIFT_ASSET_SYMBOL_EXTENSIONS = YES;
				CLANG_ANALYZER_NONNULL = YES;
				CLANG_ANALYZER_NUMBER_OBJECT_CONVERSION = YES_AGGRESSIVE;
				CLANG_CXX_LANGUAGE_STANDARD = "gnu++20";
				CLANG_ENABLE_MODULES = YES;
				CLANG_ENABLE_OBJC_ARC = YES;
				CLANG_ENABLE_OBJC_WEAK = YES;
				CLANG_WARN_BLOCK_CAPTURE_AUTORELEASING = YES;
				CLANG_WARN_BOOL_CONVERSION = YES;
				CLANG_WARN_COMMA = YES;
				CLANG_WARN_CONSTANT_CONVERSION = YES;
				CLANG_WARN_DEPRECATED_OBJC_IMPLEMENTATIONS = YES;
				CLANG_WARN_DIRECT_OBJC_ISA_USAGE = YES_ERROR;
				CLANG_WARN_DOCUMENTATION_COMMENTS = YES;
				CLANG_WARN_EMPTY_BODY = YES;
				CLANG_WARN_ENUM_CONVERSION = YES;
				CLANG_WARN_INFINITE_RECURSION = YES;
				CLANG_WARN_INT_CONVERSION = YES;
				CLANG_WARN_NON_LITERAL_NULL_CONVERSION = YES;
				CLANG_WARN_OBJC_IMPLICIT_RETAIN_SELF = YES;
				CLANG_WARN_OBJC_LITERAL_CONVERSION = YES;
				CLANG_WARN_OBJC_ROOT_CLASS = YES_ERROR;
				CLANG_WARN_QUOTED_INCLUDE_IN_FRAMEWORK_HEADER = YES;
				CLANG_WARN_RANGE_LOOP_ANALYSIS = YES;
				CLANG_WARN_STRICT_PROTOTYPES = YES;
				CLANG_WARN_SUSPICIOUS_MOVE = YES;
				CLANG_WARN_UNGUARDED_AVAILABILITY = YES_AGGRESSIVE;
				CLANG_WARN_UNREACHABLE_CODE = YES;
				CLANG_WARN__DUPLICATE_METHOD_MATCH = YES;
				COPY_PHASE_STRIP = NO;
				DEBUG_INFORMATION_FORMAT = dwarf;
				ENABLE_STRICT_OBJC_MSGSEND = YES;
				ENABLE_TESTABILITY = YES;
				ENABLE_USER_SCRIPT_SANDBOXING = YES;
				GCC_C_LANGUAGE_STANDARD = gnu17;
				GCC_DYNAMIC_NO_PIC = NO;
				GCC_NO_COMMON_BLOCKS = YES;
				GCC_OPTIMIZATION_LEVEL = 0;
				GCC_PREPROCESSOR_DEFINITIONS = (
					"DEBUG=1",
					"$(inherited)",
				);
				GCC_WARN_64_TO_32_BIT_CONVERSION = YES;
				GCC_WARN_ABOUT_RETURN_TYPE = YES_ERROR;
				GCC_WARN_UNDECLARED_SELECTOR = YES;
				GCC_WARN_UNINITIALIZED_AUTOS = YES_AGGRESSIVE;
				GCC_WARN_UNUSED_FUNCTION = YES;
				GCC_WARN_UNUSED_VARIABLE = YES;
				IPHONEOS_DEPLOYMENT_TARGET = 17.4;
				LOCALIZATION_PREFERS_STRING_CATALOGS = YES;
				MTL_ENABLE_DEBUG_INFO = INCLUDE_SOURCE;
				MTL_FAST_MATH = YES;
				ONLY_ACTIVE_ARCH = YES;
				SDKROOT = iphoneos;
				SWIFT_ACTIVE_COMPILATION_CONDITIONS = "DEBUG $(inherited)";
				SWIFT_OPTIMIZATION_LEVEL = "-Onone";
			};
			name = Debug;
		};
		92F8FFC42BCE28620043B56E /* Release */ = {
			isa = XCBuildConfiguration;
			buildSettings = {
				ALWAYS_SEARCH_USER_PATHS = NO;
				ASSETCATALOG_COMPILER_GENERATE_SWIFT_ASSET_SYMBOL_EXTENSIONS = YES;
				CLANG_ANALYZER_NONNULL = YES;
				CLANG_ANALYZER_NUMBER_OBJECT_CONVERSION = YES_AGGRESSIVE;
				CLANG_CXX_LANGUAGE_STANDARD = "gnu++20";
				CLANG_ENABLE_MODULES = YES;
				CLANG_ENABLE_OBJC_ARC = YES;
				CLANG_ENABLE_OBJC_WEAK = YES;
				CLANG_WARN_BLOCK_CAPTURE_AUTORELEASING = YES;
				CLANG_WARN_BOOL_CONVERSION = YES;
				CLANG_WARN_COMMA = YES;
				CLANG_WARN_CONSTANT_CONVERSION = YES;
				CLANG_WARN_DEPRECATED_OBJC_IMPLEMENTATIONS = YES;
				CLANG_WARN_DIRECT_OBJC_ISA_USAGE = YES_ERROR;
				CLANG_WARN_DOCUMENTATION_COMMENTS = YES;
				CLANG_WARN_EMPTY_BODY = YES;
				CLANG_WARN_ENUM_CONVERSION = YES;
				CLANG_WARN_INFINITE_RECURSION = YES;
				CLANG_WARN_INT_CONVERSION = YES;
				CLANG_WARN_NON_LITERAL_NULL_CONVERSION = YES;
				CLANG_WARN_OBJC_IMPLICIT_RETAIN_SELF = YES;
				CLANG_WARN_OBJC_LITERAL_CONVERSION = YES;
				CLANG_WARN_OBJC_ROOT_CLASS = YES_ERROR;
				CLANG_WARN_QUOTED_INCLUDE_IN_FRAMEWORK_HEADER = YES;
				CLANG_WARN_RANGE_LOOP_ANALYSIS = YES;
				CLANG_WARN_STRICT_PROTOTYPES = YES;
				CLANG_WARN_SUSPICIOUS_MOVE = YES;
				CLANG_WARN_UNGUARDED_AVAILABILITY = YES_AGGRESSIVE;
				CLANG_WARN_UNREACHABLE_CODE = YES;
				CLANG_WARN__DUPLICATE_METHOD_MATCH = YES;
				COPY_PHASE_STRIP = NO;
				DEBUG_INFORMATION_FORMAT = "dwarf-with-dsym";
				ENABLE_NS_ASSERTIONS = NO;
				ENABLE_STRICT_OBJC_MSGSEND = YES;
				ENABLE_USER_SCRIPT_SANDBOXING = YES;
				GCC_C_LANGUAGE_STANDARD = gnu17;
				GCC_NO_COMMON_BLOCKS = YES;
				GCC_WARN_64_TO_32_BIT_CONVERSION = YES;
				GCC_WARN_ABOUT_RETURN_TYPE = YES_ERROR;
				GCC_WARN_UNDECLARED_SELECTOR = YES;
				GCC_WARN_UNINITIALIZED_AUTOS = YES_AGGRESSIVE;
				GCC_WARN_UNUSED_FUNCTION = YES;
				GCC_WARN_UNUSED_VARIABLE = YES;
				IPHONEOS_DEPLOYMENT_TARGET = 17.4;
				LOCALIZATION_PREFERS_STRING_CATALOGS = YES;
				MTL_ENABLE_DEBUG_INFO = NO;
				MTL_FAST_MATH = YES;
				SDKROOT = iphoneos;
				SWIFT_COMPILATION_MODE = wholemodule;
				VALIDATE_PRODUCT = YES;
			};
			name = Release;
		};
		92F8FFC62BCE28620043B56E /* Debug */ = {
			isa = XCBuildConfiguration;
			baseConfigurationReference = 00BD0A1F8D50377C9A2F12C2 /* Pods-CashTest.debug.xcconfig */;
			buildSettings = {
				ASSETCATALOG_COMPILER_APPICON_NAME = AppIcon;
				ASSETCATALOG_COMPILER_GLOBAL_ACCENT_COLOR_NAME = AccentColor;
				CODE_SIGN_STYLE = Automatic;
				CURRENT_PROJECT_VERSION = 1;
				ENABLE_USER_SCRIPT_SANDBOXING = NO;
				GENERATE_INFOPLIST_FILE = YES;
				INFOPLIST_FILE = CashTest/Info.plist;
				INFOPLIST_KEY_UIApplicationSupportsIndirectInputEvents = YES;
				INFOPLIST_KEY_UILaunchStoryboardName = LaunchScreen;
				INFOPLIST_KEY_UIMainStoryboardFile = Main;
				INFOPLIST_KEY_UISupportedInterfaceOrientations_iPad = "UIInterfaceOrientationPortrait UIInterfaceOrientationPortraitUpsideDown UIInterfaceOrientationLandscapeLeft UIInterfaceOrientationLandscapeRight";
				INFOPLIST_KEY_UISupportedInterfaceOrientations_iPhone = "UIInterfaceOrientationPortrait UIInterfaceOrientationLandscapeLeft UIInterfaceOrientationLandscapeRight";
				LD_RUNPATH_SEARCH_PATHS = (
					"$(inherited)",
					"@executable_path/Frameworks",
				);
				MARKETING_VERSION = 1.0;
				PRODUCT_BUNDLE_IDENTIFIER = noyoungj.CashTest;
				PRODUCT_NAME = "$(TARGET_NAME)";
				SWIFT_EMIT_LOC_STRINGS = YES;
				SWIFT_VERSION = 5.0;
				TARGETED_DEVICE_FAMILY = "1,2";
			};
			name = Debug;
		};
		92F8FFC72BCE28620043B56E /* Release */ = {
			isa = XCBuildConfiguration;
			baseConfigurationReference = A39192524E8BA2707EE3BCF2 /* Pods-CashTest.release.xcconfig */;
			buildSettings = {
				ASSETCATALOG_COMPILER_APPICON_NAME = AppIcon;
				ASSETCATALOG_COMPILER_GLOBAL_ACCENT_COLOR_NAME = AccentColor;
				CODE_SIGN_STYLE = Automatic;
				CURRENT_PROJECT_VERSION = 1;
				ENABLE_USER_SCRIPT_SANDBOXING = NO;
				GENERATE_INFOPLIST_FILE = YES;
				INFOPLIST_FILE = CashTest/Info.plist;
				INFOPLIST_KEY_UIApplicationSupportsIndirectInputEvents = YES;
				INFOPLIST_KEY_UILaunchStoryboardName = LaunchScreen;
				INFOPLIST_KEY_UIMainStoryboardFile = Main;
				INFOPLIST_KEY_UISupportedInterfaceOrientations_iPad = "UIInterfaceOrientationPortrait UIInterfaceOrientationPortraitUpsideDown UIInterfaceOrientationLandscapeLeft UIInterfaceOrientationLandscapeRight";
				INFOPLIST_KEY_UISupportedInterfaceOrientations_iPhone = "UIInterfaceOrientationPortrait UIInterfaceOrientationLandscapeLeft UIInterfaceOrientationLandscapeRight";
				LD_RUNPATH_SEARCH_PATHS = (
					"$(inherited)",
					"@executable_path/Frameworks",
				);
				MARKETING_VERSION = 1.0;
				PRODUCT_BUNDLE_IDENTIFIER = noyoungj.CashTest;
				PRODUCT_NAME = "$(TARGET_NAME)";
				SWIFT_EMIT_LOC_STRINGS = YES;
				SWIFT_VERSION = 5.0;
				TARGETED_DEVICE_FAMILY = "1,2";
			};
			name = Release;
		};
		92F8FFC92BCE28620043B56E /* Debug */ = {
			isa = XCBuildConfiguration;
			baseConfigurationReference = A8E400D4CCBC6283F11EBD04 /* Pods-CashTestTests.debug.xcconfig */;
			buildSettings = {
				ALWAYS_EMBED_SWIFT_STANDARD_LIBRARIES = YES;
				BUNDLE_LOADER = "$(TEST_HOST)";
				CODE_SIGN_STYLE = Automatic;
				CURRENT_PROJECT_VERSION = 1;
				GENERATE_INFOPLIST_FILE = YES;
				IPHONEOS_DEPLOYMENT_TARGET = 17.4;
				MARKETING_VERSION = 1.0;
				PRODUCT_BUNDLE_IDENTIFIER = noyoungj.CashTestTests;
				PRODUCT_NAME = "$(TARGET_NAME)";
				SWIFT_EMIT_LOC_STRINGS = NO;
				SWIFT_VERSION = 5.0;
				TARGETED_DEVICE_FAMILY = "1,2";
				TEST_HOST = "$(BUILT_PRODUCTS_DIR)/CashTest.app/$(BUNDLE_EXECUTABLE_FOLDER_PATH)/CashTest";
			};
			name = Debug;
		};
		92F8FFCA2BCE28620043B56E /* Release */ = {
			isa = XCBuildConfiguration;
			baseConfigurationReference = 365FE342266846B4A60EFBD1 /* Pods-CashTestTests.release.xcconfig */;
			buildSettings = {
				ALWAYS_EMBED_SWIFT_STANDARD_LIBRARIES = YES;
				BUNDLE_LOADER = "$(TEST_HOST)";
				CODE_SIGN_STYLE = Automatic;
				CURRENT_PROJECT_VERSION = 1;
				GENERATE_INFOPLIST_FILE = YES;
				IPHONEOS_DEPLOYMENT_TARGET = 17.4;
				MARKETING_VERSION = 1.0;
				PRODUCT_BUNDLE_IDENTIFIER = noyoungj.CashTestTests;
				PRODUCT_NAME = "$(TARGET_NAME)";
				SWIFT_EMIT_LOC_STRINGS = NO;
				SWIFT_VERSION = 5.0;
				TARGETED_DEVICE_FAMILY = "1,2";
				TEST_HOST = "$(BUILT_PRODUCTS_DIR)/CashTest.app/$(BUNDLE_EXECUTABLE_FOLDER_PATH)/CashTest";
			};
			name = Release;
		};
		92F8FFCC2BCE28620043B56E /* Debug */ = {
			isa = XCBuildConfiguration;
			baseConfigurationReference = 9C07A7DE665DF4C92536B13C /* Pods-CashTest-CashTestUITests.debug.xcconfig */;
			buildSettings = {
				ALWAYS_EMBED_SWIFT_STANDARD_LIBRARIES = YES;
				CODE_SIGN_STYLE = Automatic;
				CURRENT_PROJECT_VERSION = 1;
				GENERATE_INFOPLIST_FILE = YES;
				MARKETING_VERSION = 1.0;
				PRODUCT_BUNDLE_IDENTIFIER = noyoungj.CashTestUITests;
				PRODUCT_NAME = "$(TARGET_NAME)";
				SWIFT_EMIT_LOC_STRINGS = NO;
				SWIFT_VERSION = 5.0;
				TARGETED_DEVICE_FAMILY = "1,2";
				TEST_TARGET_NAME = CashTest;
			};
			name = Debug;
		};
		92F8FFCD2BCE28620043B56E /* Release */ = {
			isa = XCBuildConfiguration;
			baseConfigurationReference = DAE4134D91CB11B91C0CFD58 /* Pods-CashTest-CashTestUITests.release.xcconfig */;
			buildSettings = {
				ALWAYS_EMBED_SWIFT_STANDARD_LIBRARIES = YES;
				CODE_SIGN_STYLE = Automatic;
				CURRENT_PROJECT_VERSION = 1;
				GENERATE_INFOPLIST_FILE = YES;
				MARKETING_VERSION = 1.0;
				PRODUCT_BUNDLE_IDENTIFIER = noyoungj.CashTestUITests;
				PRODUCT_NAME = "$(TARGET_NAME)";
				SWIFT_EMIT_LOC_STRINGS = NO;
				SWIFT_VERSION = 5.0;
				TARGETED_DEVICE_FAMILY = "1,2";
				TEST_TARGET_NAME = CashTest;
			};
			name = Release;
		};
/* End XCBuildConfiguration section */

/* Begin XCConfigurationList section */
		92F8FF962BCE28600043B56E /* Build configuration list for PBXProject "CashTest" */ = {
			isa = XCConfigurationList;
			buildConfigurations = (
				92F8FFC32BCE28620043B56E /* Debug */,
				92F8FFC42BCE28620043B56E /* Release */,
			);
			defaultConfigurationIsVisible = 0;
			defaultConfigurationName = Release;
		};
		92F8FFC52BCE28620043B56E /* Build configuration list for PBXNativeTarget "CashTest" */ = {
			isa = XCConfigurationList;
			buildConfigurations = (
				92F8FFC62BCE28620043B56E /* Debug */,
				92F8FFC72BCE28620043B56E /* Release */,
			);
			defaultConfigurationIsVisible = 0;
			defaultConfigurationName = Release;
		};
		92F8FFC82BCE28620043B56E /* Build configuration list for PBXNativeTarget "CashTestTests" */ = {
			isa = XCConfigurationList;
			buildConfigurations = (
				92F8FFC92BCE28620043B56E /* Debug */,
				92F8FFCA2BCE28620043B56E /* Release */,
			);
			defaultConfigurationIsVisible = 0;
			defaultConfigurationName = Release;
		};
		92F8FFCB2BCE28620043B56E /* Build configuration list for PBXNativeTarget "CashTestUITests" */ = {
			isa = XCConfigurationList;
			buildConfigurations = (
				92F8FFCC2BCE28620043B56E /* Debug */,
				92F8FFCD2BCE28620043B56E /* Release */,
			);
			defaultConfigurationIsVisible = 0;
			defaultConfigurationName = Release;
		};
/* End XCConfigurationList section */
	};
	rootObject = 92F8FF932BCE28600043B56E /* Project object */;
}
